
Microsoft Visual Studio Solution File, Format Version 12.00
# Visual Studio Version 17
VisualStudioVersion = 17.4.33213.308
MinimumVisualStudioVersion = 10.0.40219.1
Project("{FAE04EC0-301F-11D3-BF4B-00C04F79EFBC}") = "SISCAN", "SISCAN.csproj", "{ADF62538-BFD7-481B-83E3-318A21E4C1BC}"
EndProject
Global
	GlobalSection(SolutionConfigurationPlatforms) = preSolution
		Debug|Any CPU = Debug|Any CPU
		Release|Any CPU = Release|Any CPU
	EndGlobalSection
	GlobalSection(ProjectConfigurationPlatforms) = postSolution
		{ADF62538-BFD7-481B-83E3-318A21E4C1BC}.Debug|Any CPU.ActiveCfg = Debug|Any CPU
		{ADF62538-BFD7-481B-83E3-318A21E4C1BC}.Debug|Any CPU.Build.0 = Debug|Any CPU
		{ADF62538-BFD7-481B-83E3-318A21E4C1BC}.Release|Any CPU.ActiveCfg = Release|Any CPU
		{ADF62538-BFD7-481B-83E3-318A21E4C1BC}.Release|Any CPU.Build.0 = Release|Any CPU
	EndGlobalSection
	GlobalSection(SolutionProperties) = preSolution
		HideSolutionNode = FALSE
	EndGlobalSection
	GlobalSection(ExtensibilityGlobals) = postSolution
		SolutionGuid = {8F74FC62-FFE9-4107-8F6E-25B4458D7C57}
	EndGlobalSection
EndGlobal
