
Microsoft Visual Studio Solution File, Format Version 12.00
# Visual Studio Version 17
VisualStudioVersion = 17.4.33213.308
MinimumVisualStudioVersion = 10.0.40219.1
Project("{FAE04EC0-301F-11D3-BF4B-00C04F79EFBC}") = "BaseSystem", "BaseSystem.csproj", "{DCBFBCF1-4565-458D-8BD5-AF03EF93CDCC}"
EndProject
Global
	GlobalSection(SolutionConfigurationPlatforms) = preSolution
		Debug|Any CPU = Debug|Any CPU
		Release|Any CPU = Release|Any CPU
	EndGlobalSection
	GlobalSection(ProjectConfigurationPlatforms) = postSolution
		{DCBFBCF1-4565-458D-8BD5-AF03EF93CDCC}.Debug|Any CPU.ActiveCfg = Debug|Any CPU
		{DCBFBCF1-4565-458D-8BD5-AF03EF93CDCC}.Debug|Any CPU.Build.0 = Debug|Any CPU
		{DCBFBCF1-4565-458D-8BD5-AF03EF93CDCC}.Release|Any CPU.ActiveCfg = Release|Any CPU
		{DCBFBCF1-4565-458D-8BD5-AF03EF93CDCC}.Release|Any CPU.Build.0 = Release|Any CPU
	EndGlobalSection
	GlobalSection(SolutionProperties) = preSolution
		HideSolutionNode = FALSE
	EndGlobalSection
	GlobalSection(ExtensibilityGlobals) = postSolution
		SolutionGuid = {94CE0389-7DCB-4F17-8129-53B24CE64341}
	EndGlobalSection
EndGlobal
